
Microsoft Visual Studio Solution File, Format Version 12.00
# Visual Studio Version 17
VisualStudioVersion = 17.7.34202.233
MinimumVisualStudioVersion = 10.0.40219.1
Project("{FAE04EC0-301F-11D3-BF4B-00C04F79EFBC}") = "MathQuizApp2", "MathQuizApp2\MathQuizApp2.csproj", "{9D92C2E4-ED29-42A5-968B-C180013565AA}"
EndProject
Global
	GlobalSection(SolutionConfigurationPlatforms) = preSolution
		Debug|Any CPU = Debug|Any CPU
		Release|Any CPU = Release|Any CPU
	EndGlobalSection
	GlobalSection(ProjectConfigurationPlatforms) = postSolution
		{9D92C2E4-ED29-42A5-968B-C180013565AA}.Debug|Any CPU.ActiveCfg = Debug|Any CPU
		{9D92C2E4-ED29-42A5-968B-C180013565AA}.Debug|Any CPU.Build.0 = Debug|Any CPU
		{9D92C2E4-ED29-42A5-968B-C180013565AA}.Release|Any CPU.ActiveCfg = Release|Any CPU
		{9D92C2E4-ED29-42A5-968B-C180013565AA}.Release|Any CPU.Build.0 = Release|Any CPU
	EndGlobalSection
	GlobalSection(SolutionProperties) = preSolution
		HideSolutionNode = FALSE
	EndGlobalSection
	GlobalSection(ExtensibilityGlobals) = postSolution
		SolutionGuid = {7DE88547-862A-4FDC-9EEE-D5FB7FA3CC9C}
	EndGlobalSection
EndGlobal
